
Microsoft Visual Studio Solution File, Format Version 10.00
# Visual C++ Express 2008
Project("{8BC9CEB8-8B4A-11D0-8D11-00A0C91BC942}") = "RC robot", "RC robot\RC robot.vcproj", "{FF54481B-2256-4754-9194-D89AD3C502CD}"
EndProject
Global
	GlobalSection(SolutionConfigurationPlatforms) = preSolution
		Debug|Win32 = Debug|Win32
		Release|Win32 = Release|Win32
	EndGlobalSection
	GlobalSection(ProjectConfigurationPlatforms) = postSolution
		{FF54481B-2256-4754-9194-D89AD3C502CD}.Debug|Win32.ActiveCfg = Debug|Win32
		{FF54481B-2256-4754-9194-D89AD3C502CD}.Debug|Win32.Build.0 = Debug|Win32
		{FF54481B-2256-4754-9194-D89AD3C502CD}.Release|Win32.ActiveCfg = Release|Win32
		{FF54481B-2256-4754-9194-D89AD3C502CD}.Release|Win32.Build.0 = Release|Win32
	EndGlobalSection
	GlobalSection(SolutionProperties) = preSolution
		HideSolutionNode = FALSE
	EndGlobalSection
EndGlobal
